// !$*UTF8*$!
{
	archiveVersion = 1;
	classes = {
	};
	objectVersion = 46;
	objects = {

/* Begin PBXBuildFile section */
		1318FB581CBB640B002BF442 /* DetailTutorialViewController.m in Sources */ = {isa = PBXBuildFile; fileRef = 1318FB561CBB640B002BF442 /* DetailTutorialViewController.m */; };
		1318FB591CBB640B002BF442 /* DetailTutorialViewController.xib in Resources */ = {isa = PBXBuildFile; fileRef = 1318FB571CBB640B002BF442 /* DetailTutorialViewController.xib */; };
		1318FB5D1CBB641F002BF442 /* IdeaTutorialViewController.m in Sources */ = {isa = PBXBuildFile; fileRef = 1318FB5B1CBB641F002BF442 /* IdeaTutorialViewController.m */; };
		1318FB5E1CBB641F002BF442 /* IdeaTutorialViewController.xib in Resources */ = {isa = PBXBuildFile; fileRef = 1318FB5C1CBB641F002BF442 /* IdeaTutorialViewController.xib */; };
		1318FB621CBB6431002BF442 /* CombinationTutorialViewController.m in Sources */ = {isa = PBXBuildFile; fileRef = 1318FB601CBB6431002BF442 /* CombinationTutorialViewController.m */; };
		1318FB631CBB6431002BF442 /* CombinationTutorialViewController.xib in Resources */ = {isa = PBXBuildFile; fileRef = 1318FB611CBB6431002BF442 /* CombinationTutorialViewController.xib */; };
		1318FB651CBB6D70002BF442 /* leafPath.svg in Resources */ = {isa = PBXBuildFile; fileRef = 1318FB641CBB6D70002BF442 /* leafPath.svg */; };
		1318FB671CBB7FEF002BF442 /* pathGuide.svg in Resources */ = {isa = PBXBuildFile; fileRef = 1318FB661CBB7FEF002BF442 /* pathGuide.svg */; };
		1318FB7F1CBF4DCE002BF442 /* plumPath1.svg in Resources */ = {isa = PBXBuildFile; fileRef = 1318FB7C1CBF4DCE002BF442 /* plumPath1.svg */; };
		1318FB801CBF4DCE002BF442 /* plumPath2.svg in Resources */ = {isa = PBXBuildFile; fileRef = 1318FB7D1CBF4DCE002BF442 /* plumPath2.svg */; };
		1318FB811CBF4DCE002BF442 /* plumPath3.svg in Resources */ = {isa = PBXBuildFile; fileRef = 1318FB7E1CBF4DCE002BF442 /* plumPath3.svg */; };
		1318FB861CBF6CC8002BF442 /* orangePath1.svg in Resources */ = {isa = PBXBuildFile; fileRef = 1318FB821CBF6CC8002BF442 /* orangePath1.svg */; };
		1318FB871CBF6CC8002BF442 /* orangePath2.svg in Resources */ = {isa = PBXBuildFile; fileRef = 1318FB831CBF6CC8002BF442 /* orangePath2.svg */; };
		1318FB881CBF6CC8002BF442 /* orangePath3.svg in Resources */ = {isa = PBXBuildFile; fileRef = 1318FB841CBF6CC8002BF442 /* orangePath3.svg */; };
		1318FB891CBF6CC8002BF442 /* orangePath4.svg in Resources */ = {isa = PBXBuildFile; fileRef = 1318FB851CBF6CC8002BF442 /* orangePath4.svg */; };
		1318FB8B1CBF86BF002BF442 /* orangePath5.svg in Resources */ = {isa = PBXBuildFile; fileRef = 1318FB8A1CBF86BF002BF442 /* orangePath5.svg */; };
		1318FB8F1CC4BA3C002BF442 /* SlideShowViewController.m in Sources */ = {isa = PBXBuildFile; fileRef = 1318FB8D1CC4BA3C002BF442 /* SlideShowViewController.m */; };
		1318FB901CC4BA3C002BF442 /* SlideShowViewController.xib in Resources */ = {isa = PBXBuildFile; fileRef = 1318FB8E1CC4BA3C002BF442 /* SlideShowViewController.xib */; };
		133606AF1CCA0A1E00E8A966 /* GetItViewController.m in Sources */ = {isa = PBXBuildFile; fileRef = 133606AD1CCA0A1E00E8A966 /* GetItViewController.m */; };
		133606B01CCA0A1E00E8A966 /* GetItViewController.xib in Resources */ = {isa = PBXBuildFile; fileRef = 133606AE1CCA0A1E00E8A966 /* GetItViewController.xib */; };
		133606BC1CCF474200E8A966 /* OptionsViewController.m in Sources */ = {isa = PBXBuildFile; fileRef = 133606BA1CCF474200E8A966 /* OptionsViewController.m */; };
		133606BD1CCF474200E8A966 /* OptionsViewController.xib in Resources */ = {isa = PBXBuildFile; fileRef = 133606BB1CCF474200E8A966 /* OptionsViewController.xib */; };
		133CC7371CB2365C00FCD1E6 /* bigFlower.svg in Resources */ = {isa = PBXBuildFile; fileRef = 133CC7361CB2365C00FCD1E6 /* bigFlower.svg */; };
		1352A2D31CD0BACB00FA579E /* Tutorial3newPath1.svg in Resources */ = {isa = PBXBuildFile; fileRef = 1352A2D01CD0BACB00FA579E /* Tutorial3newPath1.svg */; };
		1352A2D41CD0BACB00FA579E /* Tutorial3newPath2.svg in Resources */ = {isa = PBXBuildFile; fileRef = 1352A2D11CD0BACB00FA579E /* Tutorial3newPath2.svg */; };
		1352A2D51CD0BACB00FA579E /* Tutorial3newPath3.svg in Resources */ = {isa = PBXBuildFile; fileRef = 1352A2D21CD0BACB00FA579E /* Tutorial3newPath3.svg */; };
		1370FDC91CD3465600E0218F /* Reference.plist in Resources */ = {isa = PBXBuildFile; fileRef = 1370FDC81CD3465600E0218F /* Reference.plist */; };
		13890A411C8353EC00A8A0C7 /* main.m in Sources */ = {isa = PBXBuildFile; fileRef = 13890A401C8353EC00A8A0C7 /* main.m */; };
		13890A441C8353EC00A8A0C7 /* AppDelegate.m in Sources */ = {isa = PBXBuildFile; fileRef = 13890A431C8353EC00A8A0C7 /* AppDelegate.m */; };
		13890A4C1C8353EC00A8A0C7 /* Assets.xcassets in Resources */ = {isa = PBXBuildFile; fileRef = 13890A4B1C8353EC00A8A0C7 /* Assets.xcassets */; };
		13890A5A1C8353EC00A8A0C7 /* PrePaintTests.m in Sources */ = {isa = PBXBuildFile; fileRef = 13890A591C8353EC00A8A0C7 /* PrePaintTests.m */; };
		13890A651C8353EC00A8A0C7 /* PrePaintUITests.m in Sources */ = {isa = PBXBuildFile; fileRef = 13890A641C8353EC00A8A0C7 /* PrePaintUITests.m */; };
		13890AB41C8D69A600A8A0C7 /* Resources.xcassets in Resources */ = {isa = PBXBuildFile; fileRef = 13890AB31C8D69A600A8A0C7 /* Resources.xcassets */; };
		13890AB81C8D854800A8A0C7 /* FourTreasuresViewController.m in Sources */ = {isa = PBXBuildFile; fileRef = 13890AB61C8D854800A8A0C7 /* FourTreasuresViewController.m */; };
		13890AB91C8D854800A8A0C7 /* FourTreasuresViewController.xib in Resources */ = {isa = PBXBuildFile; fileRef = 13890AB71C8D854800A8A0C7 /* FourTreasuresViewController.xib */; };
		13890ABD1C8D85CE00A8A0C7 /* BaseViewController.m in Sources */ = {isa = PBXBuildFile; fileRef = 13890ABB1C8D85CE00A8A0C7 /* BaseViewController.m */; };
		13890ABE1C8D85CE00A8A0C7 /* BaseViewController.xib in Resources */ = {isa = PBXBuildFile; fileRef = 13890ABC1C8D85CE00A8A0C7 /* BaseViewController.xib */; };
		13890AC21C8D941B00A8A0C7 /* PPNavigationOptionsView.m in Sources */ = {isa = PBXBuildFile; fileRef = 13890AC11C8D941B00A8A0C7 /* PPNavigationOptionsView.m */; };
		13890AC81C8DB19F00A8A0C7 /* MainViewController.xib in Resources */ = {isa = PBXBuildFile; fileRef = 13890AC61C8DB19F00A8A0C7 /* MainViewController.xib */; };
		13890ACB1C8DCFD000A8A0C7 /* PPFourTreasuresView.m in Sources */ = {isa = PBXBuildFile; fileRef = 13890ACA1C8DCFD000A8A0C7 /* PPFourTreasuresView.m */; };
		13890ACE1C8FFDAC00A8A0C7 /* PPBrushesView.m in Sources */ = {isa = PBXBuildFile; fileRef = 13890ACD1C8FFDAC00A8A0C7 /* PPBrushesView.m */; };
		13890ACF1C933C0900A8A0C7 /* MainViewController.m in Sources */ = {isa = PBXBuildFile; fileRef = 13890AC51C8DB19F00A8A0C7 /* MainViewController.m */; };
		13A81B2D1C99357A00309E17 /* PPStyleViewController.m in Sources */ = {isa = PBXBuildFile; fileRef = 13A81B2C1C99357A00309E17 /* PPStyleViewController.m */; };
		13A81B2F1C9935A800309E17 /* PPStyleViewController.xib in Resources */ = {isa = PBXBuildFile; fileRef = 13A81B2E1C9935A800309E17 /* PPStyleViewController.xib */; };
		13A81B321C99486B00309E17 /* PPIntroductionView.m in Sources */ = {isa = PBXBuildFile; fileRef = 13A81B311C99486B00309E17 /* PPIntroductionView.m */; };
		13F91BAA1CAB80B600D411E4 /* ToolTutorialViewController.m in Sources */ = {isa = PBXBuildFile; fileRef = 13F91BA81CAB80B600D411E4 /* ToolTutorialViewController.m */; };
		13F91BAB1CAB80B600D411E4 /* ToolTutorialViewController.xib in Resources */ = {isa = PBXBuildFile; fileRef = 13F91BA91CAB80B600D411E4 /* ToolTutorialViewController.xib */; };
		28BA16542C768F1EBE59D80D /* libPods-PrePaint.a in Frameworks */ = {isa = PBXBuildFile; fileRef = 2933C5FE303BF04AE1D6C12B /* libPods-PrePaint.a */; };
/* End PBXBuildFile section */

/* Begin PBXContainerItemProxy section */
		13890A561C8353EC00A8A0C7 /* PBXContainerItemProxy */ = {
			isa = PBXContainerItemProxy;
			containerPortal = 13890A341C8353EC00A8A0C7 /* Project object */;
			proxyType = 1;
			remoteGlobalIDString = 13890A3B1C8353EC00A8A0C7;
			remoteInfo = PrePaint;
		};
		13890A611C8353EC00A8A0C7 /* PBXContainerItemProxy */ = {
			isa = PBXContainerItemProxy;
			containerPortal = 13890A341C8353EC00A8A0C7 /* Project object */;
			proxyType = 1;
			remoteGlobalIDString = 13890A3B1C8353EC00A8A0C7;
			remoteInfo = PrePaint;
		};
/* End PBXContainerItemProxy section */

/* Begin PBXFileReference section */
		1318FB551CBB640B002BF442 /* DetailTutorialViewController.h */ = {isa = PBXFileReference; fileEncoding = 4; lastKnownFileType = sourcecode.c.h; path = DetailTutorialViewController.h; sourceTree = "<group>"; };
		1318FB561CBB640B002BF442 /* DetailTutorialViewController.m */ = {isa = PBXFileReference; fileEncoding = 4; lastKnownFileType = sourcecode.c.objc; path = DetailTutorialViewController.m; sourceTree = "<group>"; };
		1318FB571CBB640B002BF442 /* DetailTutorialViewController.xib */ = {isa = PBXFileReference; fileEncoding = 4; lastKnownFileType = file.xib; path = DetailTutorialViewController.xib; sourceTree = "<group>"; };
		1318FB5A1CBB641F002BF442 /* IdeaTutorialViewController.h */ = {isa = PBXFileReference; fileEncoding = 4; lastKnownFileType = sourcecode.c.h; path = IdeaTutorialViewController.h; sourceTree = "<group>"; };
		1318FB5B1CBB641F002BF442 /* IdeaTutorialViewController.m */ = {isa = PBXFileReference; fileEncoding = 4; lastKnownFileType = sourcecode.c.objc; path = IdeaTutorialViewController.m; sourceTree = "<group>"; };
		1318FB5C1CBB641F002BF442 /* IdeaTutorialViewController.xib */ = {isa = PBXFileReference; fileEncoding = 4; lastKnownFileType = file.xib; path = IdeaTutorialViewController.xib; sourceTree = "<group>"; };
		1318FB5F1CBB6431002BF442 /* CombinationTutorialViewController.h */ = {isa = PBXFileReference; fileEncoding = 4; lastKnownFileType = sourcecode.c.h; path = CombinationTutorialViewController.h; sourceTree = "<group>"; };
		1318FB601CBB6431002BF442 /* CombinationTutorialViewController.m */ = {isa = PBXFileReference; fileEncoding = 4; lastKnownFileType = sourcecode.c.objc; path = CombinationTutorialViewController.m; sourceTree = "<group>"; };
		1318FB611CBB6431002BF442 /* CombinationTutorialViewController.xib */ = {isa = PBXFileReference; fileEncoding = 4; lastKnownFileType = file.xib; path = CombinationTutorialViewController.xib; sourceTree = "<group>"; };
		1318FB641CBB6D70002BF442 /* leafPath.svg */ = {isa = PBXFileReference; fileEncoding = 4; lastKnownFileType = text.xml; path = leafPath.svg; sourceTree = "<group>"; };
		1318FB661CBB7FEF002BF442 /* pathGuide.svg */ = {isa = PBXFileReference; fileEncoding = 4; lastKnownFileType = text.xml; path = pathGuide.svg; sourceTree = "<group>"; };
		1318FB7C1CBF4DCE002BF442 /* plumPath1.svg */ = {isa = PBXFileReference; fileEncoding = 4; lastKnownFileType = text.xml; path = plumPath1.svg; sourceTree = "<group>"; };
		1318FB7D1CBF4DCE002BF442 /* plumPath2.svg */ = {isa = PBXFileReference; fileEncoding = 4; lastKnownFileType = text.xml; path = plumPath2.svg; sourceTree = "<group>"; };
		1318FB7E1CBF4DCE002BF442 /* plumPath3.svg */ = {isa = PBXFileReference; fileEncoding = 4; lastKnownFileType = text.xml; path = plumPath3.svg; sourceTree = "<group>"; };
		1318FB821CBF6CC8002BF442 /* orangePath1.svg */ = {isa = PBXFileReference; fileEncoding = 4; lastKnownFileType = text.xml; path = orangePath1.svg; sourceTree = "<group>"; };
		1318FB831CBF6CC8002BF442 /* orangePath2.svg */ = {isa = PBXFileReference; fileEncoding = 4; lastKnownFileType = text.xml; path = orangePath2.svg; sourceTree = "<group>"; };
		1318FB841CBF6CC8002BF442 /* orangePath3.svg */ = {isa = PBXFileReference; fileEncoding = 4; lastKnownFileType = text.xml; path = orangePath3.svg; sourceTree = "<group>"; };
		1318FB851CBF6CC8002BF442 /* orangePath4.svg */ = {isa = PBXFileReference; fileEncoding = 4; lastKnownFileType = text.xml; path = orangePath4.svg; sourceTree = "<group>"; };
		1318FB8A1CBF86BF002BF442 /* orangePath5.svg */ = {isa = PBXFileReference; fileEncoding = 4; lastKnownFileType = text.xml; path = orangePath5.svg; sourceTree = "<group>"; };
		1318FB8C1CC4BA3C002BF442 /* SlideShowViewController.h */ = {isa = PBXFileReference; fileEncoding = 4; lastKnownFileType = sourcecode.c.h; path = SlideShowViewController.h; sourceTree = "<group>"; };
		1318FB8D1CC4BA3C002BF442 /* SlideShowViewController.m */ = {isa = PBXFileReference; fileEncoding = 4; lastKnownFileType = sourcecode.c.objc; path = SlideShowViewController.m; sourceTree = "<group>"; };
		1318FB8E1CC4BA3C002BF442 /* SlideShowViewController.xib */ = {isa = PBXFileReference; fileEncoding = 4; lastKnownFileType = file.xib; path = SlideShowViewController.xib; sourceTree = "<group>"; };
		133606AC1CCA0A1E00E8A966 /* GetItViewController.h */ = {isa = PBXFileReference; fileEncoding = 4; lastKnownFileType = sourcecode.c.h; path = GetItViewController.h; sourceTree = "<group>"; };
		133606AD1CCA0A1E00E8A966 /* GetItViewController.m */ = {isa = PBXFileReference; fileEncoding = 4; lastKnownFileType = sourcecode.c.objc; path = GetItViewController.m; sourceTree = "<group>"; };
		133606AE1CCA0A1E00E8A966 /* GetItViewController.xib */ = {isa = PBXFileReference; fileEncoding = 4; lastKnownFileType = file.xib; path = GetItViewController.xib; sourceTree = "<group>"; };
		133606B91CCF474200E8A966 /* OptionsViewController.h */ = {isa = PBXFileReference; fileEncoding = 4; lastKnownFileType = sourcecode.c.h; path = OptionsViewController.h; sourceTree = "<group>"; };
		133606BA1CCF474200E8A966 /* OptionsViewController.m */ = {isa = PBXFileReference; fileEncoding = 4; lastKnownFileType = sourcecode.c.objc; path = OptionsViewController.m; sourceTree = "<group>"; };
		133606BB1CCF474200E8A966 /* OptionsViewController.xib */ = {isa = PBXFileReference; fileEncoding = 4; lastKnownFileType = file.xib; path = OptionsViewController.xib; sourceTree = "<group>"; };
		133CC7361CB2365C00FCD1E6 /* bigFlower.svg */ = {isa = PBXFileReference; fileEncoding = 4; lastKnownFileType = text.xml; path = bigFlower.svg; sourceTree = "<group>"; };
		1352A2D01CD0BACB00FA579E /* Tutorial3newPath1.svg */ = {isa = PBXFileReference; fileEncoding = 4; lastKnownFileType = text.xml; path = Tutorial3newPath1.svg; sourceTree = "<group>"; };
		1352A2D11CD0BACB00FA579E /* Tutorial3newPath2.svg */ = {isa = PBXFileReference; fileEncoding = 4; lastKnownFileType = text.xml; path = Tutorial3newPath2.svg; sourceTree = "<group>"; };
		1352A2D21CD0BACB00FA579E /* Tutorial3newPath3.svg */ = {isa = PBXFileReference; fileEncoding = 4; lastKnownFileType = text.xml; path = Tutorial3newPath3.svg; sourceTree = "<group>"; };
		1370FDC81CD3465600E0218F /* Reference.plist */ = {isa = PBXFileReference; fileEncoding = 4; lastKnownFileType = text.plist.xml; path = Reference.plist; sourceTree = "<group>"; };
		13890A3C1C8353EC00A8A0C7 /* PrePaint.app */ = {isa = PBXFileReference; explicitFileType = wrapper.application; includeInIndex = 0; path = PrePaint.app; sourceTree = BUILT_PRODUCTS_DIR; };
		13890A401C8353EC00A8A0C7 /* main.m */ = {isa = PBXFileReference; lastKnownFileType = sourcecode.c.objc; path = main.m; sourceTree = "<group>"; };
		13890A421C8353EC00A8A0C7 /* AppDelegate.h */ = {isa = PBXFileReference; lastKnownFileType = sourcecode.c.h; path = AppDelegate.h; sourceTree = "<group>"; };
		13890A431C8353EC00A8A0C7 /* AppDelegate.m */ = {isa = PBXFileReference; lastKnownFileType = sourcecode.c.objc; path = AppDelegate.m; sourceTree = "<group>"; };
		13890A4B1C8353EC00A8A0C7 /* Assets.xcassets */ = {isa = PBXFileReference; lastKnownFileType = folder.assetcatalog; path = Assets.xcassets; sourceTree = "<group>"; };
		13890A501C8353EC00A8A0C7 /* Info.plist */ = {isa = PBXFileReference; lastKnownFileType = text.plist.xml; path = Info.plist; sourceTree = "<group>"; };
		13890A551C8353EC00A8A0C7 /* PrePaintTests.xctest */ = {isa = PBXFileReference; explicitFileType = wrapper.cfbundle; includeInIndex = 0; path = PrePaintTests.xctest; sourceTree = BUILT_PRODUCTS_DIR; };
		13890A591C8353EC00A8A0C7 /* PrePaintTests.m */ = {isa = PBXFileReference; lastKnownFileType = sourcecode.c.objc; path = PrePaintTests.m; sourceTree = "<group>"; };
		13890A5B1C8353EC00A8A0C7 /* Info.plist */ = {isa = PBXFileReference; lastKnownFileType = text.plist.xml; path = Info.plist; sourceTree = "<group>"; };
		13890A601C8353EC00A8A0C7 /* PrePaintUITests.xctest */ = {isa = PBXFileReference; explicitFileType = wrapper.cfbundle; includeInIndex = 0; path = PrePaintUITests.xctest; sourceTree = BUILT_PRODUCTS_DIR; };
		13890A641C8353EC00A8A0C7 /* PrePaintUITests.m */ = {isa = PBXFileReference; lastKnownFileType = sourcecode.c.objc; path = PrePaintUITests.m; sourceTree = "<group>"; };
		13890A661C8353EC00A8A0C7 /* Info.plist */ = {isa = PBXFileReference; lastKnownFileType = text.plist.xml; path = Info.plist; sourceTree = "<group>"; };
		13890AB31C8D69A600A8A0C7 /* Resources.xcassets */ = {isa = PBXFileReference; lastKnownFileType = folder.assetcatalog; path = Resources.xcassets; sourceTree = "<group>"; };
		13890AB51C8D854800A8A0C7 /* FourTreasuresViewController.h */ = {isa = PBXFileReference; fileEncoding = 4; lastKnownFileType = sourcecode.c.h; path = FourTreasuresViewController.h; sourceTree = "<group>"; };
		13890AB61C8D854800A8A0C7 /* FourTreasuresViewController.m */ = {isa = PBXFileReference; fileEncoding = 4; lastKnownFileType = sourcecode.c.objc; path = FourTreasuresViewController.m; sourceTree = "<group>"; };
		13890AB71C8D854800A8A0C7 /* FourTreasuresViewController.xib */ = {isa = PBXFileReference; fileEncoding = 4; lastKnownFileType = file.xib; path = FourTreasuresViewController.xib; sourceTree = "<group>"; };
		13890ABA1C8D85CE00A8A0C7 /* BaseViewController.h */ = {isa = PBXFileReference; fileEncoding = 4; lastKnownFileType = sourcecode.c.h; path = BaseViewController.h; sourceTree = "<group>"; };
		13890ABB1C8D85CE00A8A0C7 /* BaseViewController.m */ = {isa = PBXFileReference; fileEncoding = 4; lastKnownFileType = sourcecode.c.objc; path = BaseViewController.m; sourceTree = "<group>"; };
		13890ABC1C8D85CE00A8A0C7 /* BaseViewController.xib */ = {isa = PBXFileReference; fileEncoding = 4; lastKnownFileType = file.xib; path = BaseViewController.xib; sourceTree = "<group>"; };
		13890AC01C8D941B00A8A0C7 /* PPNavigationOptionsView.h */ = {isa = PBXFileReference; fileEncoding = 4; lastKnownFileType = sourcecode.c.h; path = PPNavigationOptionsView.h; sourceTree = "<group>"; };
		13890AC11C8D941B00A8A0C7 /* PPNavigationOptionsView.m */ = {isa = PBXFileReference; fileEncoding = 4; lastKnownFileType = sourcecode.c.objc; path = PPNavigationOptionsView.m; sourceTree = "<group>"; };
		13890AC31C8D945B00A8A0C7 /* AppConstants.h */ = {isa = PBXFileReference; lastKnownFileType = sourcecode.c.h; path = AppConstants.h; sourceTree = "<group>"; };
		13890AC41C8DB19F00A8A0C7 /* MainViewController.h */ = {isa = PBXFileReference; fileEncoding = 4; lastKnownFileType = sourcecode.c.h; path = MainViewController.h; sourceTree = "<group>"; };
		13890AC51C8DB19F00A8A0C7 /* MainViewController.m */ = {isa = PBXFileReference; fileEncoding = 4; lastKnownFileType = sourcecode.c.objc; path = MainViewController.m; sourceTree = "<group>"; };
		13890AC61C8DB19F00A8A0C7 /* MainViewController.xib */ = {isa = PBXFileReference; fileEncoding = 4; lastKnownFileType = file.xib; path = MainViewController.xib; sourceTree = "<group>"; };
		13890AC91C8DCFD000A8A0C7 /* PPFourTreasuresView.h */ = {isa = PBXFileReference; fileEncoding = 4; lastKnownFileType = sourcecode.c.h; path = PPFourTreasuresView.h; sourceTree = "<group>"; };
		13890ACA1C8DCFD000A8A0C7 /* PPFourTreasuresView.m */ = {isa = PBXFileReference; fileEncoding = 4; lastKnownFileType = sourcecode.c.objc; path = PPFourTreasuresView.m; sourceTree = "<group>"; };
		13890ACC1C8FFDAC00A8A0C7 /* PPBrushesView.h */ = {isa = PBXFileReference; fileEncoding = 4; lastKnownFileType = sourcecode.c.h; path = PPBrushesView.h; sourceTree = "<group>"; };
		13890ACD1C8FFDAC00A8A0C7 /* PPBrushesView.m */ = {isa = PBXFileReference; fileEncoding = 4; lastKnownFileType = sourcecode.c.objc; path = PPBrushesView.m; sourceTree = "<group>"; };
		13A81B2B1C99357A00309E17 /* PPStyleViewController.h */ = {isa = PBXFileReference; fileEncoding = 4; lastKnownFileType = sourcecode.c.h; path = PPStyleViewController.h; sourceTree = "<group>"; };
		13A81B2C1C99357A00309E17 /* PPStyleViewController.m */ = {isa = PBXFileReference; fileEncoding = 4; lastKnownFileType = sourcecode.c.objc; path = PPStyleViewController.m; sourceTree = "<group>"; };
		13A81B2E1C9935A800309E17 /* PPStyleViewController.xib */ = {isa = PBXFileReference; fileEncoding = 4; lastKnownFileType = file.xib; path = PPStyleViewController.xib; sourceTree = "<group>"; };
		13A81B301C99486B00309E17 /* PPIntroductionView.h */ = {isa = PBXFileReference; fileEncoding = 4; lastKnownFileType = sourcecode.c.h; path = PPIntroductionView.h; sourceTree = "<group>"; };
		13A81B311C99486B00309E17 /* PPIntroductionView.m */ = {isa = PBXFileReference; fileEncoding = 4; lastKnownFileType = sourcecode.c.objc; path = PPIntroductionView.m; sourceTree = "<group>"; };
		13F91BA71CAB80B600D411E4 /* ToolTutorialViewController.h */ = {isa = PBXFileReference; fileEncoding = 4; lastKnownFileType = sourcecode.c.h; path = ToolTutorialViewController.h; sourceTree = "<group>"; };
		13F91BA81CAB80B600D411E4 /* ToolTutorialViewController.m */ = {isa = PBXFileReference; fileEncoding = 4; lastKnownFileType = sourcecode.c.objc; path = ToolTutorialViewController.m; sourceTree = "<group>"; };
		13F91BA91CAB80B600D411E4 /* ToolTutorialViewController.xib */ = {isa = PBXFileReference; fileEncoding = 4; lastKnownFileType = file.xib; path = ToolTutorialViewController.xib; sourceTree = "<group>"; };
		2933C5FE303BF04AE1D6C12B /* libPods-PrePaint.a */ = {isa = PBXFileReference; explicitFileType = archive.ar; includeInIndex = 0; path = "libPods-PrePaint.a"; sourceTree = BUILT_PRODUCTS_DIR; };
		7F83C0A7133C5BB8EE808E48 /* Pods-PrePaint.debug.xcconfig */ = {isa = PBXFileReference; includeInIndex = 1; lastKnownFileType = text.xcconfig; name = "Pods-PrePaint.debug.xcconfig"; path = "Pods/Target Support Files/Pods-PrePaint/Pods-PrePaint.debug.xcconfig"; sourceTree = "<group>"; };
		962BBF1B46E442726F599F31 /* Pods-PrePaint.release.xcconfig */ = {isa = PBXFileReference; includeInIndex = 1; lastKnownFileType = text.xcconfig; name = "Pods-PrePaint.release.xcconfig"; path = "Pods/Target Support Files/Pods-PrePaint/Pods-PrePaint.release.xcconfig"; sourceTree = "<group>"; };
/* End PBXFileReference section */

/* Begin PBXFrameworksBuildPhase section */
		13890A391C8353EC00A8A0C7 /* Frameworks */ = {
			isa = PBXFrameworksBuildPhase;
			buildActionMask = 2147483647;
			files = (
				28BA16542C768F1EBE59D80D /* libPods-PrePaint.a in Frameworks */,
			);
			runOnlyForDeploymentPostprocessing = 0;
		};
		13890A521C8353EC00A8A0C7 /* Frameworks */ = {
			isa = PBXFrameworksBuildPhase;
			buildActionMask = 2147483647;
			files = (
			);
			runOnlyForDeploymentPostprocessing = 0;
		};
		13890A5D1C8353EC00A8A0C7 /* Frameworks */ = {
			isa = PBXFrameworksBuildPhase;
			buildActionMask = 2147483647;
			files = (
			);
			runOnlyForDeploymentPostprocessing = 0;
		};
/* End PBXFrameworksBuildPhase section */

/* Begin PBXGroup section */
		1374EBD06D62CC6274725F95 /* Pods */ = {
			isa = PBXGroup;
			children = (
				7F83C0A7133C5BB8EE808E48 /* Pods-PrePaint.debug.xcconfig */,
				962BBF1B46E442726F599F31 /* Pods-PrePaint.release.xcconfig */,
			);
			name = Pods;
			sourceTree = "<group>";
		};
		13890A331C8353EC00A8A0C7 = {
			isa = PBXGroup;
			children = (
				13890AB31C8D69A600A8A0C7 /* Resources.xcassets */,
				13890A3E1C8353EC00A8A0C7 /* PrePaint */,
				13890A581C8353EC00A8A0C7 /* PrePaintTests */,
				13890A631C8353EC00A8A0C7 /* PrePaintUITests */,
				13890A3D1C8353EC00A8A0C7 /* Products */,
				1374EBD06D62CC6274725F95 /* Pods */,
				791EE78B8349D7B97E7DA32F /* Frameworks */,
			);
			sourceTree = "<group>";
		};
		13890A3D1C8353EC00A8A0C7 /* Products */ = {
			isa = PBXGroup;
			children = (
				13890A3C1C8353EC00A8A0C7 /* PrePaint.app */,
				13890A551C8353EC00A8A0C7 /* PrePaintTests.xctest */,
				13890A601C8353EC00A8A0C7 /* PrePaintUITests.xctest */,
			);
			name = Products;
			sourceTree = "<group>";
		};
		13890A3E1C8353EC00A8A0C7 /* PrePaint */ = {
			isa = PBXGroup;
			children = (
				13C620D81CAE59D50050BEB1 /* SVG */,
				13890ABF1C8D93D700A8A0C7 /* customizedVUIView */,
				13890A501C8353EC00A8A0C7 /* Info.plist */,
				13890A4B1C8353EC00A8A0C7 /* Assets.xcassets */,
				13890A421C8353EC00A8A0C7 /* AppDelegate.h */,
				13890A431C8353EC00A8A0C7 /* AppDelegate.m */,
				13890AC41C8DB19F00A8A0C7 /* MainViewController.h */,
				13890AC51C8DB19F00A8A0C7 /* MainViewController.m */,
				13890AC61C8DB19F00A8A0C7 /* MainViewController.xib */,
				133606B91CCF474200E8A966 /* OptionsViewController.h */,
				133606BA1CCF474200E8A966 /* OptionsViewController.m */,
				133606BB1CCF474200E8A966 /* OptionsViewController.xib */,
				13890ABA1C8D85CE00A8A0C7 /* BaseViewController.h */,
				13890ABB1C8D85CE00A8A0C7 /* BaseViewController.m */,
				13890ABC1C8D85CE00A8A0C7 /* BaseViewController.xib */,
				13A81B2B1C99357A00309E17 /* PPStyleViewController.h */,
				13A81B2C1C99357A00309E17 /* PPStyleViewController.m */,
				13A81B2E1C9935A800309E17 /* PPStyleViewController.xib */,
				13890AB51C8D854800A8A0C7 /* FourTreasuresViewController.h */,
				13890AB61C8D854800A8A0C7 /* FourTreasuresViewController.m */,
				13890AB71C8D854800A8A0C7 /* FourTreasuresViewController.xib */,
				13F91BA71CAB80B600D411E4 /* ToolTutorialViewController.h */,
				13F91BA81CAB80B600D411E4 /* ToolTutorialViewController.m */,
				13F91BA91CAB80B600D411E4 /* ToolTutorialViewController.xib */,
				1318FB551CBB640B002BF442 /* DetailTutorialViewController.h */,
				1318FB561CBB640B002BF442 /* DetailTutorialViewController.m */,
				1318FB571CBB640B002BF442 /* DetailTutorialViewController.xib */,
				1318FB5A1CBB641F002BF442 /* IdeaTutorialViewController.h */,
				1318FB5B1CBB641F002BF442 /* IdeaTutorialViewController.m */,
				1318FB5C1CBB641F002BF442 /* IdeaTutorialViewController.xib */,
				1318FB5F1CBB6431002BF442 /* CombinationTutorialViewController.h */,
				1318FB601CBB6431002BF442 /* CombinationTutorialViewController.m */,
				1318FB611CBB6431002BF442 /* CombinationTutorialViewController.xib */,
				1318FB8C1CC4BA3C002BF442 /* SlideShowViewController.h */,
				1318FB8D1CC4BA3C002BF442 /* SlideShowViewController.m */,
				1318FB8E1CC4BA3C002BF442 /* SlideShowViewController.xib */,
				133606AC1CCA0A1E00E8A966 /* GetItViewController.h */,
				133606AD1CCA0A1E00E8A966 /* GetItViewController.m */,
				133606AE1CCA0A1E00E8A966 /* GetItViewController.xib */,
				13890AC31C8D945B00A8A0C7 /* AppConstants.h */,
				1370FDC81CD3465600E0218F /* Reference.plist */,
				13890A3F1C8353EC00A8A0C7 /* Supporting Files */,
			);
			path = PrePaint;
			sourceTree = "<group>";
		};
		13890A3F1C8353EC00A8A0C7 /* Supporting Files */ = {
			isa = PBXGroup;
			children = (
				13890A401C8353EC00A8A0C7 /* main.m */,
			);
			name = "Supporting Files";
			sourceTree = "<group>";
		};
		13890A581C8353EC00A8A0C7 /* PrePaintTests */ = {
			isa = PBXGroup;
			children = (
				13890A591C8353EC00A8A0C7 /* PrePaintTests.m */,
				13890A5B1C8353EC00A8A0C7 /* Info.plist */,
			);
			path = PrePaintTests;
			sourceTree = "<group>";
		};
		13890A631C8353EC00A8A0C7 /* PrePaintUITests */ = {
			isa = PBXGroup;
			children = (
				13890A641C8353EC00A8A0C7 /* PrePaintUITests.m */,
				13890A661C8353EC00A8A0C7 /* Info.plist */,
			);
			path = PrePaintUITests;
			sourceTree = "<group>";
		};
		13890ABF1C8D93D700A8A0C7 /* customizedVUIView */ = {
			isa = PBXGroup;
			children = (
				13890AC01C8D941B00A8A0C7 /* PPNavigationOptionsView.h */,
				13890AC11C8D941B00A8A0C7 /* PPNavigationOptionsView.m */,
				13890AC91C8DCFD000A8A0C7 /* PPFourTreasuresView.h */,
				13890ACA1C8DCFD000A8A0C7 /* PPFourTreasuresView.m */,
				13890ACC1C8FFDAC00A8A0C7 /* PPBrushesView.h */,
				13890ACD1C8FFDAC00A8A0C7 /* PPBrushesView.m */,
				13A81B301C99486B00309E17 /* PPIntroductionView.h */,
				13A81B311C99486B00309E17 /* PPIntroductionView.m */,
			);
			name = customizedVUIView;
			sourceTree = "<group>";
		};
		13C620D81CAE59D50050BEB1 /* SVG */ = {
			isa = PBXGroup;
			children = (
				1318FB7C1CBF4DCE002BF442 /* plumPath1.svg */,
				1318FB7D1CBF4DCE002BF442 /* plumPath2.svg */,
				1318FB7E1CBF4DCE002BF442 /* plumPath3.svg */,
				1352A2D01CD0BACB00FA579E /* Tutorial3newPath1.svg */,
				1352A2D11CD0BACB00FA579E /* Tutorial3newPath2.svg */,
				1352A2D21CD0BACB00FA579E /* Tutorial3newPath3.svg */,
				1318FB821CBF6CC8002BF442 /* orangePath1.svg */,
				1318FB8A1CBF86BF002BF442 /* orangePath5.svg */,
				1318FB831CBF6CC8002BF442 /* orangePath2.svg */,
				1318FB841CBF6CC8002BF442 /* orangePath3.svg */,
				1318FB851CBF6CC8002BF442 /* orangePath4.svg */,
				133CC7361CB2365C00FCD1E6 /* bigFlower.svg */,
				1318FB641CBB6D70002BF442 /* leafPath.svg */,
				1318FB661CBB7FEF002BF442 /* pathGuide.svg */,
			);
			name = SVG;
			sourceTree = "<group>";
		};
		791EE78B8349D7B97E7DA32F /* Frameworks */ = {
			isa = PBXGroup;
			children = (
				2933C5FE303BF04AE1D6C12B /* libPods-PrePaint.a */,
			);
			name = Frameworks;
			sourceTree = "<group>";
		};
/* End PBXGroup section */

/* Begin PBXNativeTarget section */
		13890A3B1C8353EC00A8A0C7 /* PrePaint */ = {
			isa = PBXNativeTarget;
			buildConfigurationList = 13890A691C8353EC00A8A0C7 /* Build configuration list for PBXNativeTarget "PrePaint" */;
			buildPhases = (
				16C5FD93AF4E6E398D944909 /* Check Pods Manifest.lock */,
				13890A381C8353EC00A8A0C7 /* Sources */,
				13890A391C8353EC00A8A0C7 /* Frameworks */,
				13890A3A1C8353EC00A8A0C7 /* Resources */,
				AFF6C48A08D741A00C46E2CF /* Embed Pods Frameworks */,
				3BE2E334A478F9D453392472 /* Copy Pods Resources */,
			);
			buildRules = (
			);
			dependencies = (
			);
			name = PrePaint;
			productName = PrePaint;
			productReference = 13890A3C1C8353EC00A8A0C7 /* PrePaint.app */;
			productType = "com.apple.product-type.application";
		};
		13890A541C8353EC00A8A0C7 /* PrePaintTests */ = {
			isa = PBXNativeTarget;
			buildConfigurationList = 13890A6C1C8353EC00A8A0C7 /* Build configuration list for PBXNativeTarget "PrePaintTests" */;
			buildPhases = (
				13890A511C8353EC00A8A0C7 /* Sources */,
				13890A521C8353EC00A8A0C7 /* Frameworks */,
				13890A531C8353EC00A8A0C7 /* Resources */,
			);
			buildRules = (
			);
			dependencies = (
				13890A571C8353EC00A8A0C7 /* PBXTargetDependency */,
			);
			name = PrePaintTests;
			productName = PrePaintTests;
			productReference = 13890A551C8353EC00A8A0C7 /* PrePaintTests.xctest */;
			productType = "com.apple.product-type.bundle.unit-test";
		};
		13890A5F1C8353EC00A8A0C7 /* PrePaintUITests */ = {
			isa = PBXNativeTarget;
			buildConfigurationList = 13890A6F1C8353EC00A8A0C7 /* Build configuration list for PBXNativeTarget "PrePaintUITests" */;
			buildPhases = (
				13890A5C1C8353EC00A8A0C7 /* Sources */,
				13890A5D1C8353EC00A8A0C7 /* Frameworks */,
				13890A5E1C8353EC00A8A0C7 /* Resources */,
			);
			buildRules = (
			);
			dependencies = (
				13890A621C8353EC00A8A0C7 /* PBXTargetDependency */,
			);
			name = PrePaintUITests;
			productName = PrePaintUITests;
			productReference = 13890A601C8353EC00A8A0C7 /* PrePaintUITests.xctest */;
			productType = "com.apple.product-type.bundle.ui-testing";
		};
/* End PBXNativeTarget section */

/* Begin PBXProject section */
		13890A341C8353EC00A8A0C7 /* Project object */ = {
			isa = PBXProject;
			attributes = {
				LastUpgradeCheck = 0720;
				ORGANIZATIONNAME = JingTang;
				TargetAttributes = {
					13890A3B1C8353EC00A8A0C7 = {
						CreatedOnToolsVersion = 7.2.1;
						DevelopmentTeam = 6CA4LHBVMU;
					};
					13890A541C8353EC00A8A0C7 = {
						CreatedOnToolsVersion = 7.2.1;
						TestTargetID = 13890A3B1C8353EC00A8A0C7;
					};
					13890A5F1C8353EC00A8A0C7 = {
						CreatedOnToolsVersion = 7.2.1;
						TestTargetID = 13890A3B1C8353EC00A8A0C7;
					};
				};
			};
			buildConfigurationList = 13890A371C8353EC00A8A0C7 /* Build configuration list for PBXProject "PrePaint" */;
			compatibilityVersion = "Xcode 3.2";
			developmentRegion = English;
			hasScannedForEncodings = 0;
			knownRegions = (
				en,
				Base,
			);
			mainGroup = 13890A331C8353EC00A8A0C7;
			productRefGroup = 13890A3D1C8353EC00A8A0C7 /* Products */;
			projectDirPath = "";
			projectRoot = "";
			targets = (
				13890A3B1C8353EC00A8A0C7 /* PrePaint */,
				13890A541C8353EC00A8A0C7 /* PrePaintTests */,
				13890A5F1C8353EC00A8A0C7 /* PrePaintUITests */,
			);
		};
/* End PBXProject section */

/* Begin PBXResourcesBuildPhase section */
		13890A3A1C8353EC00A8A0C7 /* Resources */ = {
			isa = PBXResourcesBuildPhase;
			buildActionMask = 2147483647;
			files = (
				13890AB41C8D69A600A8A0C7 /* Resources.xcassets in Resources */,
				1352A2D41CD0BACB00FA579E /* Tutorial3newPath2.svg in Resources */,
				1318FB591CBB640B002BF442 /* DetailTutorialViewController.xib in Resources */,
				1370FDC91CD3465600E0218F /* Reference.plist in Resources */,
				1318FB861CBF6CC8002BF442 /* orangePath1.svg in Resources */,
				13F91BAB1CAB80B600D411E4 /* ToolTutorialViewController.xib in Resources */,
				1318FB891CBF6CC8002BF442 /* orangePath4.svg in Resources */,
				13890ABE1C8D85CE00A8A0C7 /* BaseViewController.xib in Resources */,
				1318FB671CBB7FEF002BF442 /* pathGuide.svg in Resources */,
				133606BD1CCF474200E8A966 /* OptionsViewController.xib in Resources */,
				1318FB901CC4BA3C002BF442 /* SlideShowViewController.xib in Resources */,
				1352A2D31CD0BACB00FA579E /* Tutorial3newPath1.svg in Resources */,
				1318FB631CBB6431002BF442 /* CombinationTutorialViewController.xib in Resources */,
				13A81B2F1C9935A800309E17 /* PPStyleViewController.xib in Resources */,
				13890AC81C8DB19F00A8A0C7 /* MainViewController.xib in Resources */,
				1318FB651CBB6D70002BF442 /* leafPath.svg in Resources */,
				1318FB5E1CBB641F002BF442 /* IdeaTutorialViewController.xib in Resources */,
				133606B01CCA0A1E00E8A966 /* GetItViewController.xib in Resources */,
				1318FB871CBF6CC8002BF442 /* orangePath2.svg in Resources */,
				1352A2D51CD0BACB00FA579E /* Tutorial3newPath3.svg in Resources */,
				1318FB7F1CBF4DCE002BF442 /* plumPath1.svg in Resources */,
				1318FB881CBF6CC8002BF442 /* orangePath3.svg in Resources */,
				13890AB91C8D854800A8A0C7 /* FourTreasuresViewController.xib in Resources */,
				1318FB801CBF4DCE002BF442 /* plumPath2.svg in Resources */,
				1318FB8B1CBF86BF002BF442 /* orangePath5.svg in Resources */,
				133CC7371CB2365C00FCD1E6 /* bigFlower.svg in Resources */,
				1318FB811CBF4DCE002BF442 /* plumPath3.svg in Resources */,
				13890A4C1C8353EC00A8A0C7 /* Assets.xcassets in Resources */,
			);
			runOnlyForDeploymentPostprocessing = 0;
		};
		13890A531C8353EC00A8A0C7 /* Resources */ = {
			isa = PBXResourcesBuildPhase;
			buildActionMask = 2147483647;
			files = (
			);
			runOnlyForDeploymentPostprocessing = 0;
		};
		13890A5E1C8353EC00A8A0C7 /* Resources */ = {
			isa = PBXResourcesBuildPhase;
			buildActionMask = 2147483647;
			files = (
			);
			runOnlyForDeploymentPostprocessing = 0;
		};
/* End PBXResourcesBuildPhase section */

/* Begin PBXShellScriptBuildPhase section */
		16C5FD93AF4E6E398D944909 /* Check Pods Manifest.lock */ = {
			isa = PBXShellScriptBuildPhase;
			buildActionMask = 2147483647;
			files = (
			);
			inputPaths = (
			);
			name = "Check Pods Manifest.lock";
			outputPaths = (
			);
			runOnlyForDeploymentPostprocessing = 0;
			shellPath = /bin/sh;
			shellScript = "diff \"${PODS_ROOT}/../Podfile.lock\" \"${PODS_ROOT}/Manifest.lock\" > /dev/null\nif [[ $? != 0 ]] ; then\n    cat << EOM\nerror: The sandbox is not in sync with the Podfile.lock. Run 'pod install' or update your CocoaPods installation.\nEOM\n    exit 1\nfi\n";
			showEnvVarsInLog = 0;
		};
		3BE2E334A478F9D453392472 /* Copy Pods Resources */ = {
			isa = PBXShellScriptBuildPhase;
			buildActionMask = 2147483647;
			files = (
			);
			inputPaths = (
			);
			name = "Copy Pods Resources";
			outputPaths = (
			);
			runOnlyForDeploymentPostprocessing = 0;
			shellPath = /bin/sh;
			shellScript = "\"${SRCROOT}/Pods/Target Support Files/Pods-PrePaint/Pods-PrePaint-resources.sh\"\n";
			showEnvVarsInLog = 0;
		};
		AFF6C48A08D741A00C46E2CF /* Embed Pods Frameworks */ = {
			isa = PBXShellScriptBuildPhase;
			buildActionMask = 2147483647;
			files = (
			);
			inputPaths = (
			);
			name = "Embed Pods Frameworks";
			outputPaths = (
			);
			runOnlyForDeploymentPostprocessing = 0;
			shellPath = /bin/sh;
			shellScript = "\"${SRCROOT}/Pods/Target Support Files/Pods-PrePaint/Pods-PrePaint-frameworks.sh\"\n";
			showEnvVarsInLog = 0;
		};
/* End PBXShellScriptBuildPhase section */

/* Begin PBXSourcesBuildPhase section */
		13890A381C8353EC00A8A0C7 /* Sources */ = {
			isa = PBXSourcesBuildPhase;
			buildActionMask = 2147483647;
			files = (
				13890ACF1C933C0900A8A0C7 /* MainViewController.m in Sources */,
				13890ACB1C8DCFD000A8A0C7 /* PPFourTreasuresView.m in Sources */,
				13890ACE1C8FFDAC00A8A0C7 /* PPBrushesView.m in Sources */,
				133606AF1CCA0A1E00E8A966 /* GetItViewController.m in Sources */,
				13A81B2D1C99357A00309E17 /* PPStyleViewController.m in Sources */,
				13890AC21C8D941B00A8A0C7 /* PPNavigationOptionsView.m in Sources */,
				13890ABD1C8D85CE00A8A0C7 /* BaseViewController.m in Sources */,
				1318FB8F1CC4BA3C002BF442 /* SlideShowViewController.m in Sources */,
				1318FB621CBB6431002BF442 /* CombinationTutorialViewController.m in Sources */,
				13A81B321C99486B00309E17 /* PPIntroductionView.m in Sources */,
				13890AB81C8D854800A8A0C7 /* FourTreasuresViewController.m in Sources */,
				1318FB5D1CBB641F002BF442 /* IdeaTutorialViewController.m in Sources */,
				13890A441C8353EC00A8A0C7 /* AppDelegate.m in Sources */,
				13F91BAA1CAB80B600D411E4 /* ToolTutorialViewController.m in Sources */,
				13890A411C8353EC00A8A0C7 /* main.m in Sources */,
				1318FB581CBB640B002BF442 /* DetailTutorialViewController.m in Sources */,
				133606BC1CCF474200E8A966 /* OptionsViewController.m in Sources */,
			);
			runOnlyForDeploymentPostprocessing = 0;
		};
		13890A511C8353EC00A8A0C7 /* Sources */ = {
			isa = PBXSourcesBuildPhase;
			buildActionMask = 2147483647;
			files = (
				13890A5A1C8353EC00A8A0C7 /* PrePaintTests.m in Sources */,
			);
			runOnlyForDeploymentPostprocessing = 0;
		};
		13890A5C1C8353EC00A8A0C7 /* Sources */ = {
			isa = PBXSourcesBuildPhase;
			buildActionMask = 2147483647;
			files = (
				13890A651C8353EC00A8A0C7 /* PrePaintUITests.m in Sources */,
			);
			runOnlyForDeploymentPostprocessing = 0;
		};
/* End PBXSourcesBuildPhase section */

/* Begin PBXTargetDependency section */
		13890A571C8353EC00A8A0C7 /* PBXTargetDependency */ = {
			isa = PBXTargetDependency;
			target = 13890A3B1C8353EC00A8A0C7 /* PrePaint */;
			targetProxy = 13890A561C8353EC00A8A0C7 /* PBXContainerItemProxy */;
		};
		13890A621C8353EC00A8A0C7 /* PBXTargetDependency */ = {
			isa = PBXTargetDependency;
			target = 13890A3B1C8353EC00A8A0C7 /* PrePaint */;
			targetProxy = 13890A611C8353EC00A8A0C7 /* PBXContainerItemProxy */;
		};
/* End PBXTargetDependency section */

/* Begin XCBuildConfiguration section */
		13890A671C8353EC00A8A0C7 /* Debug */ = {
			isa = XCBuildConfiguration;
			buildSettings = {
				ALWAYS_SEARCH_USER_PATHS = NO;
				CLANG_CXX_LANGUAGE_STANDARD = "gnu++0x";
				CLANG_CXX_LIBRARY = "libc++";
				CLANG_ENABLE_MODULES = YES;
				CLANG_ENABLE_OBJC_ARC = YES;
				CLANG_WARN_BOOL_CONVERSION = YES;
				CLANG_WARN_CONSTANT_CONVERSION = YES;
				CLANG_WARN_DIRECT_OBJC_ISA_USAGE = YES_ERROR;
				CLANG_WARN_EMPTY_BODY = YES;
				CLANG_WARN_ENUM_CONVERSION = YES;
				CLANG_WARN_INT_CONVERSION = YES;
				CLANG_WARN_OBJC_ROOT_CLASS = YES_ERROR;
				CLANG_WARN_UNREACHABLE_CODE = YES;
				CLANG_WARN__DUPLICATE_METHOD_MATCH = YES;
				"CODE_SIGN_IDENTITY[sdk=iphoneos*]" = "iPhone Developer";
				COPY_PHASE_STRIP = NO;
				DEBUG_INFORMATION_FORMAT = dwarf;
				ENABLE_STRICT_OBJC_MSGSEND = YES;
				ENABLE_TESTABILITY = YES;
				GCC_C_LANGUAGE_STANDARD = gnu99;
				GCC_DYNAMIC_NO_PIC = NO;
				GCC_NO_COMMON_BLOCKS = YES;
				GCC_OPTIMIZATION_LEVEL = 0;
				GCC_PREPROCESSOR_DEFINITIONS = (
					"DEBUG=1",
					"$(inherited)",
				);
				GCC_WARN_64_TO_32_BIT_CONVERSION = YES;
				GCC_WARN_ABOUT_RETURN_TYPE = YES_ERROR;
				GCC_WARN_UNDECLARED_SELECTOR = YES;
				GCC_WARN_UNINITIALIZED_AUTOS = YES_AGGRESSIVE;
				GCC_WARN_UNUSED_FUNCTION = YES;
				GCC_WARN_UNUSED_VARIABLE = YES;
				IPHONEOS_DEPLOYMENT_TARGET = 9.2;
				MTL_ENABLE_DEBUG_INFO = YES;
				ONLY_ACTIVE_ARCH = YES;
				SDKROOT = iphoneos;
				TARGETED_DEVICE_FAMILY = 2;
			};
			name = Debug;
		};
		13890A681C8353EC00A8A0C7 /* Release */ = {
			isa = XCBuildConfiguration;
			buildSettings = {
				ALWAYS_SEARCH_USER_PATHS = NO;
				CLANG_CXX_LANGUAGE_STANDARD = "gnu++0x";
				CLANG_CXX_LIBRARY = "libc++";
				CLANG_ENABLE_MODULES = YES;
				CLANG_ENABLE_OBJC_ARC = YES;
				CLANG_WARN_BOOL_CONVERSION = YES;
				CLANG_WARN_CONSTANT_CONVERSION = YES;
				CLANG_WARN_DIRECT_OBJC_ISA_USAGE = YES_ERROR;
				CLANG_WARN_EMPTY_BODY = YES;
				CLANG_WARN_ENUM_CONVERSION = YES;
				CLANG_WARN_INT_CONVERSION = YES;
				CLANG_WARN_OBJC_ROOT_CLASS = YES_ERROR;
				CLANG_WARN_UNREACHABLE_CODE = YES;
				CLANG_WARN__DUPLICATE_METHOD_MATCH = YES;
				"CODE_SIGN_IDENTITY[sdk=iphoneos*]" = "iPhone Developer";
				COPY_PHASE_STRIP = NO;
				DEBUG_INFORMATION_FORMAT = "dwarf-with-dsym";
				ENABLE_NS_ASSERTIONS = NO;
				ENABLE_STRICT_OBJC_MSGSEND = YES;
				GCC_C_LANGUAGE_STANDARD = gnu99;
				GCC_NO_COMMON_BLOCKS = YES;
				GCC_WARN_64_TO_32_BIT_CONVERSION = YES;
				GCC_WARN_ABOUT_RETURN_TYPE = YES_ERROR;
				GCC_WARN_UNDECLARED_SELECTOR = YES;
				GCC_WARN_UNINITIALIZED_AUTOS = YES_AGGRESSIVE;
				GCC_WARN_UNUSED_FUNCTION = YES;
				GCC_WARN_UNUSED_VARIABLE = YES;
				IPHONEOS_DEPLOYMENT_TARGET = 9.2;
				MTL_ENABLE_DEBUG_INFO = NO;
				SDKROOT = iphoneos;
				TARGETED_DEVICE_FAMILY = 2;
				VALIDATE_PRODUCT = YES;
			};
			name = Release;
		};
		13890A6A1C8353EC00A8A0C7 /* Debug */ = {
			isa = XCBuildConfiguration;
			baseConfigurationReference = 7F83C0A7133C5BB8EE808E48 /* Pods-PrePaint.debug.xcconfig */;
			buildSettings = {
				ASSETCATALOG_COMPILER_APPICON_NAME = AppIcon;
				CODE_SIGN_IDENTITY = "iPhone Developer";
				"CODE_SIGN_IDENTITY[sdk=iphoneos*]" = "iPhone Developer";
				INFOPLIST_FILE = PrePaint/Info.plist;
				LD_RUNPATH_SEARCH_PATHS = "$(inherited) @executable_path/Frameworks";
				PRODUCT_BUNDLE_IDENTIFIER = project.PrePaint;
				PRODUCT_NAME = "$(TARGET_NAME)";
				PROVISIONING_PROFILE = "";
				TARGETED_DEVICE_FAMILY = 2;
			};
			name = Debug;
		};
		13890A6B1C8353EC00A8A0C7 /* Release */ = {
			isa = XCBuildConfiguration;
			baseConfigurationReference = 962BBF1B46E442726F599F31 /* Pods-PrePaint.release.xcconfig */;
			buildSettings = {
				ASSETCATALOG_COMPILER_APPICON_NAME = AppIcon;
				CODE_SIGN_IDENTITY = "iPhone Developer";
				"CODE_SIGN_IDENTITY[sdk=iphoneos*]" = "iPhone Developer";
				INFOPLIST_FILE = PrePaint/Info.plist;
				LD_RUNPATH_SEARCH_PATHS = "$(inherited) @executable_path/Frameworks";
				PRODUCT_BUNDLE_IDENTIFIER = project.PrePaint;
				PRODUCT_NAME = "$(TARGET_NAME)";
				PROVISIONING_PROFILE = "";
				TARGETED_DEVICE_FAMILY = 2;
			};
			name = Release;
		};
		13890A6D1C8353EC00A8A0C7 /* Debug */ = {
			isa = XCBuildConfiguration;
			buildSettings = {
				BUNDLE_LOADER = "$(TEST_HOST)";
				INFOPLIST_FILE = PrePaintTests/Info.plist;
				LD_RUNPATH_SEARCH_PATHS = "$(inherited) @executable_path/Frameworks @loader_path/Frameworks";
				PRODUCT_BUNDLE_IDENTIFIER = project.PrePaintTests;
				PRODUCT_NAME = "$(TARGET_NAME)";
				TEST_HOST = "$(BUILT_PRODUCTS_DIR)/PrePaint.app/PrePaint";
			};
			name = Debug;
		};
		13890A6E1C8353EC00A8A0C7 /* Release */ = {
			isa = XCBuildConfiguration;
			buildSettings = {
				BUNDLE_LOADER = "$(TEST_HOST)";
				INFOPLIST_FILE = PrePaintTests/Info.plist;
				LD_RUNPATH_SEARCH_PATHS = "$(inherited) @executable_path/Frameworks @loader_path/Frameworks";
				PRODUCT_BUNDLE_IDENTIFIER = project.PrePaintTests;
				PRODUCT_NAME = "$(TARGET_NAME)";
				TEST_HOST = "$(BUILT_PRODUCTS_DIR)/PrePaint.app/PrePaint";
			};
			name = Release;
		};
		13890A701C8353EC00A8A0C7 /* Debug */ = {
			isa = XCBuildConfiguration;
			buildSettings = {
				INFOPLIST_FILE = PrePaintUITests/Info.plist;
				LD_RUNPATH_SEARCH_PATHS = "$(inherited) @executable_path/Frameworks @loader_path/Frameworks";
				PRODUCT_BUNDLE_IDENTIFIER = project.PrePaintUITests;
				PRODUCT_NAME = "$(TARGET_NAME)";
				TEST_TARGET_NAME = PrePaint;
				USES_XCTRUNNER = YES;
			};
			name = Debug;
		};
		13890A711C8353EC00A8A0C7 /* Release */ = {
			isa = XCBuildConfiguration;
			buildSettings = {
				INFOPLIST_FILE = PrePaintUITests/Info.plist;
				LD_RUNPATH_SEARCH_PATHS = "$(inherited) @executable_path/Frameworks @loader_path/Frameworks";
				PRODUCT_BUNDLE_IDENTIFIER = project.PrePaintUITests;
				PRODUCT_NAME = "$(TARGET_NAME)";
				TEST_TARGET_NAME = PrePaint;
				USES_XCTRUNNER = YES;
			};
			name = Release;
		};
/* End XCBuildConfiguration section */

/* Begin XCConfigurationList section */
		13890A371C8353EC00A8A0C7 /* Build configuration list for PBXProject "PrePaint" */ = {
			isa = XCConfigurationList;
			buildConfigurations = (
				13890A671C8353EC00A8A0C7 /* Debug */,
				13890A681C8353EC00A8A0C7 /* Release */,
			);
			defaultConfigurationIsVisible = 0;
			defaultConfigurationName = Release;
		};
		13890A691C8353EC00A8A0C7 /* Build configuration list for PBXNativeTarget "PrePaint" */ = {
			isa = XCConfigurationList;
			buildConfigurations = (
				13890A6A1C8353EC00A8A0C7 /* Debug */,
				13890A6B1C8353EC00A8A0C7 /* Release */,
			);
			defaultConfigurationIsVisible = 0;
			defaultConfigurationName = Release;
		};
		13890A6C1C8353EC00A8A0C7 /* Build configuration list for PBXNativeTarget "PrePaintTests" */ = {
			isa = XCConfigurationList;
			buildConfigurations = (
				13890A6D1C8353EC00A8A0C7 /* Debug */,
				13890A6E1C8353EC00A8A0C7 /* Release */,
			);
			defaultConfigurationIsVisible = 0;
			defaultConfigurationName = Release;
		};
		13890A6F1C8353EC00A8A0C7 /* Build configuration list for PBXNativeTarget "PrePaintUITests" */ = {
			isa = XCConfigurationList;
			buildConfigurations = (
				13890A701C8353EC00A8A0C7 /* Debug */,
				13890A711C8353EC00A8A0C7 /* Release */,
			);
			defaultConfigurationIsVisible = 0;
			defaultConfigurationName = Release;
		};
/* End XCConfigurationList section */
	};
	rootObject = 13890A341C8353EC00A8A0C7 /* Project object */;
}
